
Microsoft Visual Studio Solution File, Format Version 12.00
# Visual Studio Version 17
VisualStudioVersion = 17.14.36121.58 d17.14
MinimumVisualStudioVersion = 10.0.40219.1
Project("{FAE04EC0-301F-11D3-BF4B-00C04F79EFBC}") = "Tarea", "Tarea\Tarea.csproj", "{2BB2D3C7-6762-40CF-9954-5DC3AFDE7EE5}"
EndProject
Global
	GlobalSection(SolutionConfigurationPlatforms) = preSolution
		Debug|Any CPU = Debug|Any CPU
		Release|Any CPU = Release|Any CPU
	EndGlobalSection
	GlobalSection(ProjectConfigurationPlatforms) = postSolution
		{2BB2D3C7-6762-40CF-9954-5DC3AFDE7EE5}.Debug|Any CPU.ActiveCfg = Debug|Any CPU
		{2BB2D3C7-6762-40CF-9954-5DC3AFDE7EE5}.Debug|Any CPU.Build.0 = Debug|Any CPU
		{2BB2D3C7-6762-40CF-9954-5DC3AFDE7EE5}.Release|Any CPU.ActiveCfg = Release|Any CPU
		{2BB2D3C7-6762-40CF-9954-5DC3AFDE7EE5}.Release|Any CPU.Build.0 = Release|Any CPU
	EndGlobalSection
	GlobalSection(SolutionProperties) = preSolution
		HideSolutionNode = FALSE
	EndGlobalSection
	GlobalSection(ExtensibilityGlobals) = postSolution
		SolutionGuid = {8197D38B-7E9C-4E33-97E4-2D0258C5FC90}
	EndGlobalSection
EndGlobal
